
Microsoft Visual Studio Solution File, Format Version 12.00
# Visual Studio Version 17
VisualStudioVersion = 17.13.35825.156
MinimumVisualStudioVersion = 10.0.40219.1
Project("{FAE04EC0-301F-11D3-BF4B-00C04F79EFBC}") = "TH2C1A", "TH2\TH2C1A.csproj", "{AFCEF6D3-8B33-4818-8C01-CA1DD7187EC2}"
EndProject
Project("{FAE04EC0-301F-11D3-BF4B-00C04F79EFBC}") = "TH2C2", "TH2C2\TH2C2.csproj", "{2FC62658-A6A8-4470-8489-227CDE4595C9}"
EndProject
Project("{FAE04EC0-301F-11D3-BF4B-00C04F79EFBC}") = "TH2C1B", "THC1B\TH2C1B.csproj", "{D0312830-1018-4CD6-9307-C57AED72040E}"
EndProject
Global
	GlobalSection(SolutionConfigurationPlatforms) = preSolution
		Debug|Any CPU = Debug|Any CPU
		Release|Any CPU = Release|Any CPU
	EndGlobalSection
	GlobalSection(ProjectConfigurationPlatforms) = postSolution
		{AFCEF6D3-8B33-4818-8C01-CA1DD7187EC2}.Debug|Any CPU.ActiveCfg = Debug|Any CPU
		{AFCEF6D3-8B33-4818-8C01-CA1DD7187EC2}.Debug|Any CPU.Build.0 = Debug|Any CPU
		{AFCEF6D3-8B33-4818-8C01-CA1DD7187EC2}.Release|Any CPU.ActiveCfg = Release|Any CPU
		{AFCEF6D3-8B33-4818-8C01-CA1DD7187EC2}.Release|Any CPU.Build.0 = Release|Any CPU
		{2FC62658-A6A8-4470-8489-227CDE4595C9}.Debug|Any CPU.ActiveCfg = Debug|Any CPU
		{2FC62658-A6A8-4470-8489-227CDE4595C9}.Debug|Any CPU.Build.0 = Debug|Any CPU
		{2FC62658-A6A8-4470-8489-227CDE4595C9}.Release|Any CPU.ActiveCfg = Release|Any CPU
		{2FC62658-A6A8-4470-8489-227CDE4595C9}.Release|Any CPU.Build.0 = Release|Any CPU
		{D0312830-1018-4CD6-9307-C57AED72040E}.Debug|Any CPU.ActiveCfg = Debug|Any CPU
		{D0312830-1018-4CD6-9307-C57AED72040E}.Debug|Any CPU.Build.0 = Debug|Any CPU
		{D0312830-1018-4CD6-9307-C57AED72040E}.Release|Any CPU.ActiveCfg = Release|Any CPU
		{D0312830-1018-4CD6-9307-C57AED72040E}.Release|Any CPU.Build.0 = Release|Any CPU
	EndGlobalSection
	GlobalSection(SolutionProperties) = preSolution
		HideSolutionNode = FALSE
	EndGlobalSection
	GlobalSection(ExtensibilityGlobals) = postSolution
		SolutionGuid = {78352C36-99DA-4301-9146-E3C4CC115330}
	EndGlobalSection
EndGlobal
